dependencies:
  dht:
    component_hash: 993c8d2c9976c5f181240ad6f0ab2bcd72bf3c9512fa2961334050f8254d77b6
    dependencies: []
    source:
      git: https://github.com/UncleRus/esp-idf-lib.git
      path: components/dht
      type: git
    version: a02cd6bb5190cab379125140780adcb8d88f9650
  esp_idf_lib_helpers:
    component_hash: 32ab64af43dc9b3b45871add88dc7b04f9ee17bb587d4d14d7e117bb02a84edf
    dependencies: []
    source:
      git: https://github.com/UncleRus/esp-idf-lib.git
      path: components/esp_idf_lib_helpers
      type: git
    version: a02cd6bb5190cab379125140780adcb8d88f9650
  idf:
    source:
      type: idf
    version: 5.4.1
direct_dependencies:
- dht
- esp_idf_lib_helpers
manifest_hash: 736d5a831a36d7554ebef8e3065f547c5639e9e42a33541e407ce00d1431e14d
target: esp32
version: 2.0.0
